
Microsoft Visual Studio Solution File, Format Version 12.00
# Visual Studio Version 17
VisualStudioVersion = 17.5.002.0
MinimumVisualStudioVersion = 10.0.40219.1
Project("{9A19103F-16F7-4668-BE54-9A1E7A4F7556}") = "TodoAPI", "TodoAPI\TodoAPI.csproj", "{A3FBBFB4-E989-4FD3-92C1-BC9BCEE7FAED}"
EndProject
Global
	GlobalSection(SolutionConfigurationPlatforms) = preSolution
		Debug|Any CPU = Debug|Any CPU
		Release|Any CPU = Release|Any CPU
	EndGlobalSection
	GlobalSection(ProjectConfigurationPlatforms) = postSolution
		{A3FBBFB4-E989-4FD3-92C1-BC9BCEE7FAED}.Debug|Any CPU.ActiveCfg = Debug|Any CPU
		{A3FBBFB4-E989-4FD3-92C1-BC9BCEE7FAED}.Debug|Any CPU.Build.0 = Debug|Any CPU
		{A3FBBFB4-E989-4FD3-92C1-BC9BCEE7FAED}.Release|Any CPU.ActiveCfg = Release|Any CPU
		{A3FBBFB4-E989-4FD3-92C1-BC9BCEE7FAED}.Release|Any CPU.Build.0 = Release|Any CPU
	EndGlobalSection
	GlobalSection(SolutionProperties) = preSolution
		HideSolutionNode = FALSE
	EndGlobalSection
	GlobalSection(ExtensibilityGlobals) = postSolution
		SolutionGuid = {39CFB182-055A-4464-91B7-6D373EB9AE5F}
	EndGlobalSection
EndGlobal
